// !$*UTF8*$!
{
	archiveVersion = 1;
	classes = {
	};
	objectVersion = 56;
	objects = {

/* Begin PBXBuildFile section */
		C309F86429D7FB03007BAF98 /* AppDelegate.swift in Sources */ = {isa = PBXBuildFile; fileRef = C309F86329D7FB03007BAF98 /* AppDelegate.swift */; };
		C309F86629D7FB03007BAF98 /* SceneDelegate.swift in Sources */ = {isa = PBXBuildFile; fileRef = C309F86529D7FB03007BAF98 /* SceneDelegate.swift */; };
		C309F86829D7FB03007BAF98 /* ViewController.swift in Sources */ = {isa = PBXBuildFile; fileRef = C309F86729D7FB03007BAF98 /* ViewController.swift */; };
		C309F86B29D7FB03007BAF98 /* Main.storyboard in Resources */ = {isa = PBXBuildFile; fileRef = C309F86929D7FB03007BAF98 /* Main.storyboard */; };
		C309F86D29D7FB06007BAF98 /* Assets.xcassets in Resources */ = {isa = PBXBuildFile; fileRef = C309F86C29D7FB06007BAF98 /* Assets.xcassets */; };
		C309F87029D7FB06007BAF98 /* LaunchScreen.storyboard in Resources */ = {isa = PBXBuildFile; fileRef = C309F86E29D7FB06007BAF98 /* LaunchScreen.storyboard */; };
		C309F87829D806C7007BAF98 /* FirstViewController.swift in Sources */ = {isa = PBXBuildFile; fileRef = C309F87729D806C7007BAF98 /* FirstViewController.swift */; };
		C309F87C29D80FA5007BAF98 /* SecondViewController.swift in Sources */ = {isa = PBXBuildFile; fileRef = C309F87B29D80FA5007BAF98 /* SecondViewController.swift */; };
		C38E7B4529E07B4700155E6A /* Inject in Frameworks */ = {isa = PBXBuildFile; productRef = C38E7B4429E07B4700155E6A /* Inject */; };
		C38E7B4829E07B6100155E6A /* SnapKit in Frameworks */ = {isa = PBXBuildFile; productRef = C38E7B4729E07B6100155E6A /* SnapKit */; };
		C38E7B4B29E07B7200155E6A /* Then in Frameworks */ = {isa = PBXBuildFile; productRef = C38E7B4A29E07B7200155E6A /* Then */; };
		C38E7B4D29E133AF00155E6A /* FirstViewController_DelegatePattern.swift in Sources */ = {isa = PBXBuildFile; fileRef = C38E7B4C29E133AF00155E6A /* FirstViewController_DelegatePattern.swift */; };
		C38E7B4F29E1343000155E6A /* SecondViewController_DelegatePattern.swift in Sources */ = {isa = PBXBuildFile; fileRef = C38E7B4E29E1343000155E6A /* SecondViewController_DelegatePattern.swift */; };
		C38E7B5129E1375500155E6A /* FirstViewController_Closure.swift in Sources */ = {isa = PBXBuildFile; fileRef = C38E7B5029E1375500155E6A /* FirstViewController_Closure.swift */; };
		C38E7B5329E1376300155E6A /* SecondViewController_Closure.swift in Sources */ = {isa = PBXBuildFile; fileRef = C38E7B5229E1376300155E6A /* SecondViewController_Closure.swift */; };
		C38E7B5529E146CE00155E6A /* ClickTimeViewController.swift in Sources */ = {isa = PBXBuildFile; fileRef = C38E7B5429E146CE00155E6A /* ClickTimeViewController.swift */; };
		C38E7B5729E146D300155E6A /* ClickViewController.swift in Sources */ = {isa = PBXBuildFile; fileRef = C38E7B5629E146D300155E6A /* ClickViewController.swift */; };
		C38E7B5929E146DB00155E6A /* GridViewController.swift in Sources */ = {isa = PBXBuildFile; fileRef = C38E7B5829E146DB00155E6A /* GridViewController.swift */; };
		C38E7B5B29E14C9400155E6A /* UIView+.swift in Sources */ = {isa = PBXBuildFile; fileRef = C38E7B5A29E14C9400155E6A /* UIView+.swift */; };
/* End PBXBuildFile section */

/* Begin PBXFileReference section */
		C309F86029D7FB03007BAF98 /* 32nd_SOPT_Seminar.app */ = {isa = PBXFileReference; explicitFileType = wrapper.application; includeInIndex = 0; path = 32nd_SOPT_Seminar.app; sourceTree = BUILT_PRODUCTS_DIR; };
		C309F86329D7FB03007BAF98 /* AppDelegate.swift */ = {isa = PBXFileReference; lastKnownFileType = sourcecode.swift; path = AppDelegate.swift; sourceTree = "<group>"; };
		C309F86529D7FB03007BAF98 /* SceneDelegate.swift */ = {isa = PBXFileReference; lastKnownFileType = sourcecode.swift; path = SceneDelegate.swift; sourceTree = "<group>"; };
		C309F86729D7FB03007BAF98 /* ViewController.swift */ = {isa = PBXFileReference; lastKnownFileType = sourcecode.swift; path = ViewController.swift; sourceTree = "<group>"; };
		C309F86A29D7FB03007BAF98 /* Base */ = {isa = PBXFileReference; lastKnownFileType = file.storyboard; name = Base; path = Base.lproj/Main.storyboard; sourceTree = "<group>"; };
		C309F86C29D7FB06007BAF98 /* Assets.xcassets */ = {isa = PBXFileReference; lastKnownFileType = folder.assetcatalog; path = Assets.xcassets; sourceTree = "<group>"; };
		C309F86F29D7FB06007BAF98 /* Base */ = {isa = PBXFileReference; lastKnownFileType = file.storyboard; name = Base; path = Base.lproj/LaunchScreen.storyboard; sourceTree = "<group>"; };
		C309F87129D7FB06007BAF98 /* Info.plist */ = {isa = PBXFileReference; lastKnownFileType = text.plist.xml; path = Info.plist; sourceTree = "<group>"; };
		C309F87729D806C7007BAF98 /* FirstViewController.swift */ = {isa = PBXFileReference; lastKnownFileType = sourcecode.swift; path = FirstViewController.swift; sourceTree = "<group>"; };
		C309F87B29D80FA5007BAF98 /* SecondViewController.swift */ = {isa = PBXFileReference; lastKnownFileType = sourcecode.swift; path = SecondViewController.swift; sourceTree = "<group>"; };
		C38E7B4C29E133AF00155E6A /* FirstViewController_DelegatePattern.swift */ = {isa = PBXFileReference; lastKnownFileType = sourcecode.swift; path = FirstViewController_DelegatePattern.swift; sourceTree = "<group>"; };
		C38E7B4E29E1343000155E6A /* SecondViewController_DelegatePattern.swift */ = {isa = PBXFileReference; lastKnownFileType = sourcecode.swift; path = SecondViewController_DelegatePattern.swift; sourceTree = "<group>"; };
		C38E7B5029E1375500155E6A /* FirstViewController_Closure.swift */ = {isa = PBXFileReference; lastKnownFileType = sourcecode.swift; path = FirstViewController_Closure.swift; sourceTree = "<group>"; };
		C38E7B5229E1376300155E6A /* SecondViewController_Closure.swift */ = {isa = PBXFileReference; lastKnownFileType = sourcecode.swift; path = SecondViewController_Closure.swift; sourceTree = "<group>"; };
		C38E7B5429E146CE00155E6A /* ClickTimeViewController.swift */ = {isa = PBXFileReference; lastKnownFileType = sourcecode.swift; path = ClickTimeViewController.swift; sourceTree = "<group>"; };
		C38E7B5629E146D300155E6A /* ClickViewController.swift */ = {isa = PBXFileReference; lastKnownFileType = sourcecode.swift; path = ClickViewController.swift; sourceTree = "<group>"; };
		C38E7B5829E146DB00155E6A /* GridViewController.swift */ = {isa = PBXFileReference; lastKnownFileType = sourcecode.swift; path = GridViewController.swift; sourceTree = "<group>"; };
		C38E7B5A29E14C9400155E6A /* UIView+.swift */ = {isa = PBXFileReference; lastKnownFileType = sourcecode.swift; path = "UIView+.swift"; sourceTree = "<group>"; };
/* End PBXFileReference section */

/* Begin PBXFrameworksBuildPhase section */
		C309F85D29D7FB03007BAF98 /* Frameworks */ = {
			isa = PBXFrameworksBuildPhase;
			buildActionMask = 2147483647;
			files = (
				C38E7B4529E07B4700155E6A /* Inject in Frameworks */,
				C38E7B4B29E07B7200155E6A /* Then in Frameworks */,
				C38E7B4829E07B6100155E6A /* SnapKit in Frameworks */,
			);
			runOnlyForDeploymentPostprocessing = 0;
		};
/* End PBXFrameworksBuildPhase section */

/* Begin PBXGroup section */
		C309F85729D7FB03007BAF98 = {
			isa = PBXGroup;
			children = (
				C309F86229D7FB03007BAF98 /* 32nd_SOPT_First_Seminar */,
				C309F86129D7FB03007BAF98 /* Products */,
			);
			sourceTree = "<group>";
		};
		C309F86129D7FB03007BAF98 /* Products */ = {
			isa = PBXGroup;
			children = (
				C309F86029D7FB03007BAF98 /* 32nd_SOPT_Seminar.app */,
			);
			name = Products;
			sourceTree = "<group>";
		};
		C309F86229D7FB03007BAF98 /* 32nd_SOPT_First_Seminar */ = {
			isa = PBXGroup;
			children = (
				C38E7B3E29E07A0300155E6A /* Application */,
				C38E7B3F29E07A3000155E6A /* Storyboard */,
				C38E7B4229E07A7D00155E6A /* 1st_Seminar */,
				C38E7B4129E07A6400155E6A /* 2nd_Seminar */,
				C309F86C29D7FB06007BAF98 /* Assets.xcassets */,
				C309F87129D7FB06007BAF98 /* Info.plist */,
				C38E7B5A29E14C9400155E6A /* UIView+.swift */,
			);
			path = 32nd_SOPT_First_Seminar;
			sourceTree = "<group>";
		};
		C38E7B3E29E07A0300155E6A /* Application */ = {
			isa = PBXGroup;
			children = (
				C309F86329D7FB03007BAF98 /* AppDelegate.swift */,
				C309F86529D7FB03007BAF98 /* SceneDelegate.swift */,
			);
			path = Application;
			sourceTree = "<group>";
		};
		C38E7B3F29E07A3000155E6A /* Storyboard */ = {
			isa = PBXGroup;
			children = (
				C309F86929D7FB03007BAF98 /* Main.storyboard */,
				C309F86E29D7FB06007BAF98 /* LaunchScreen.storyboard */,
			);
			path = Storyboard;
			sourceTree = "<group>";
		};
		C38E7B4029E07A4000155E6A /* ViewController */ = {
			isa = PBXGroup;
			children = (
				C309F86729D7FB03007BAF98 /* ViewController.swift */,
				C309F87729D806C7007BAF98 /* FirstViewController.swift */,
				C309F87B29D80FA5007BAF98 /* SecondViewController.swift */,
			);
			path = ViewController;
			sourceTree = "<group>";
		};
		C38E7B4129E07A6400155E6A /* 2nd_Seminar */ = {
			isa = PBXGroup;
			children = (
				C38E7B4C29E133AF00155E6A /* FirstViewController_DelegatePattern.swift */,
				C38E7B4E29E1343000155E6A /* SecondViewController_DelegatePattern.swift */,
				C38E7B5029E1375500155E6A /* FirstViewController_Closure.swift */,
				C38E7B5229E1376300155E6A /* SecondViewController_Closure.swift */,
				C38E7B5429E146CE00155E6A /* ClickTimeViewController.swift */,
				C38E7B5629E146D300155E6A /* ClickViewController.swift */,
				C38E7B5829E146DB00155E6A /* GridViewController.swift */,
			);
			path = 2nd_Seminar;
			sourceTree = "<group>";
		};
		C38E7B4229E07A7D00155E6A /* 1st_Seminar */ = {
			isa = PBXGroup;
			children = (
				C38E7B4029E07A4000155E6A /* ViewController */,
			);
			path = 1st_Seminar;
			sourceTree = "<group>";
		};
/* End PBXGroup section */

/* Begin PBXNativeTarget section */
		C309F85F29D7FB03007BAF98 /* 32nd_SOPT_Seminar */ = {
			isa = PBXNativeTarget;
			buildConfigurationList = C309F87429D7FB06007BAF98 /* Build configuration list for PBXNativeTarget "32nd_SOPT_Seminar" */;
			buildPhases = (
				C309F85C29D7FB03007BAF98 /* Sources */,
				C309F85D29D7FB03007BAF98 /* Frameworks */,
				C309F85E29D7FB03007BAF98 /* Resources */,
			);
			buildRules = (
			);
			dependencies = (
			);
			name = 32nd_SOPT_Seminar;
			packageProductDependencies = (
				C38E7B4429E07B4700155E6A /* Inject */,
				C38E7B4729E07B6100155E6A /* SnapKit */,
				C38E7B4A29E07B7200155E6A /* Then */,
			);
			productName = 32nd_SOPT_First_Seminar;
			productReference = C309F86029D7FB03007BAF98 /* 32nd_SOPT_Seminar.app */;
			productType = "com.apple.product-type.application";
		};
/* End PBXNativeTarget section */

/* Begin PBXProject section */
		C309F85829D7FB03007BAF98 /* Project object */ = {
			isa = PBXProject;
			attributes = {
				BuildIndependentTargetsInParallel = 1;
				LastSwiftUpdateCheck = 1420;
				LastUpgradeCheck = 1420;
				TargetAttributes = {
					C309F85F29D7FB03007BAF98 = {
						CreatedOnToolsVersion = 14.2;
					};
				};
			};
			buildConfigurationList = C309F85B29D7FB03007BAF98 /* Build configuration list for PBXProject "32nd_SOPT_Seminar" */;
			compatibilityVersion = "Xcode 14.0";
			developmentRegion = en;
			hasScannedForEncodings = 0;
			knownRegions = (
				en,
				Base,
			);
			mainGroup = C309F85729D7FB03007BAF98;
			packageReferences = (
				C38E7B4329E07B4700155E6A /* XCRemoteSwiftPackageReference "Inject" */,
				C38E7B4629E07B6100155E6A /* XCRemoteSwiftPackageReference "SnapKit" */,
				C38E7B4929E07B7200155E6A /* XCRemoteSwiftPackageReference "Then" */,
			);
			productRefGroup = C309F86129D7FB03007BAF98 /* Products */;
			projectDirPath = "";
			projectRoot = "";
			targets = (
				C309F85F29D7FB03007BAF98 /* 32nd_SOPT_Seminar */,
			);
		};
/* End PBXProject section */

/* Begin PBXResourcesBuildPhase section */
		C309F85E29D7FB03007BAF98 /* Resources */ = {
			isa = PBXResourcesBuildPhase;
			buildActionMask = 2147483647;
			files = (
				C309F87029D7FB06007BAF98 /* LaunchScreen.storyboard in Resources */,
				C309F86D29D7FB06007BAF98 /* Assets.xcassets in Resources */,
				C309F86B29D7FB03007BAF98 /* Main.storyboard in Resources */,
			);
			runOnlyForDeploymentPostprocessing = 0;
		};
/* End PBXResourcesBuildPhase section */

/* Begin PBXSourcesBuildPhase section */
		C309F85C29D7FB03007BAF98 /* Sources */ = {
			isa = PBXSourcesBuildPhase;
			buildActionMask = 2147483647;
			files = (
				C38E7B5529E146CE00155E6A /* ClickTimeViewController.swift in Sources */,
				C38E7B5329E1376300155E6A /* SecondViewController_Closure.swift in Sources */,
				C309F86829D7FB03007BAF98 /* ViewController.swift in Sources */,
				C38E7B4D29E133AF00155E6A /* FirstViewController_DelegatePattern.swift in Sources */,
				C309F86429D7FB03007BAF98 /* AppDelegate.swift in Sources */,
				C309F86629D7FB03007BAF98 /* SceneDelegate.swift in Sources */,
				C38E7B4F29E1343000155E6A /* SecondViewController_DelegatePattern.swift in Sources */,
				C38E7B5729E146D300155E6A /* ClickViewController.swift in Sources */,
				C38E7B5929E146DB00155E6A /* GridViewController.swift in Sources */,
				C38E7B5129E1375500155E6A /* FirstViewController_Closure.swift in Sources */,
				C38E7B5B29E14C9400155E6A /* UIView+.swift in Sources */,
				C309F87C29D80FA5007BAF98 /* SecondViewController.swift in Sources */,
				C309F87829D806C7007BAF98 /* FirstViewController.swift in Sources */,
			);
			runOnlyForDeploymentPostprocessing = 0;
		};
/* End PBXSourcesBuildPhase section */

/* Begin PBXVariantGroup section */
		C309F86929D7FB03007BAF98 /* Main.storyboard */ = {
			isa = PBXVariantGroup;
			children = (
				C309F86A29D7FB03007BAF98 /* Base */,
			);
			name = Main.storyboard;
			sourceTree = "<group>";
		};
		C309F86E29D7FB06007BAF98 /* LaunchScreen.storyboard */ = {
			isa = PBXVariantGroup;
			children = (
				C309F86F29D7FB06007BAF98 /* Base */,
			);
			name = LaunchScreen.storyboard;
			sourceTree = "<group>";
		};
/* End PBXVariantGroup section */

/* Begin XCBuildConfiguration section */
		C309F87229D7FB06007BAF98 /* Debug */ = {
			isa = XCBuildConfiguration;
			buildSettings = {
				ALWAYS_SEARCH_USER_PATHS = NO;
				CLANG_ANALYZER_NONNULL = YES;
				CLANG_ANALYZER_NUMBER_OBJECT_CONVERSION = YES_AGGRESSIVE;
				CLANG_CXX_LANGUAGE_STANDARD = "gnu++20";
				CLANG_ENABLE_MODULES = YES;
				CLANG_ENABLE_OBJC_ARC = YES;
				CLANG_ENABLE_OBJC_WEAK = YES;
				CLANG_WARN_BLOCK_CAPTURE_AUTORELEASING = YES;
				CLANG_WARN_BOOL_CONVERSION = YES;
				CLANG_WARN_COMMA = YES;
				CLANG_WARN_CONSTANT_CONVERSION = YES;
				CLANG_WARN_DEPRECATED_OBJC_IMPLEMENTATIONS = YES;
				CLANG_WARN_DIRECT_OBJC_ISA_USAGE = YES_ERROR;
				CLANG_WARN_DOCUMENTATION_COMMENTS = YES;
				CLANG_WARN_EMPTY_BODY = YES;
				CLANG_WARN_ENUM_CONVERSION = YES;
				CLANG_WARN_INFINITE_RECURSION = YES;
				CLANG_WARN_INT_CONVERSION = YES;
				CLANG_WARN_NON_LITERAL_NULL_CONVERSION = YES;
				CLANG_WARN_OBJC_IMPLICIT_RETAIN_SELF = YES;
				CLANG_WARN_OBJC_LITERAL_CONVERSION = YES;
				CLANG_WARN_OBJC_ROOT_CLASS = YES_ERROR;
				CLANG_WARN_QUOTED_INCLUDE_IN_FRAMEWORK_HEADER = YES;
				CLANG_WARN_RANGE_LOOP_ANALYSIS = YES;
				CLANG_WARN_STRICT_PROTOTYPES = YES;
				CLANG_WARN_SUSPICIOUS_MOVE = YES;
				CLANG_WARN_UNGUARDED_AVAILABILITY = YES_AGGRESSIVE;
				CLANG_WARN_UNREACHABLE_CODE = YES;
				CLANG_WARN__DUPLICATE_METHOD_MATCH = YES;
				COPY_PHASE_STRIP = NO;
				DEBUG_INFORMATION_FORMAT = dwarf;
				ENABLE_STRICT_OBJC_MSGSEND = YES;
				ENABLE_TESTABILITY = YES;
				GCC_C_LANGUAGE_STANDARD = gnu11;
				GCC_DYNAMIC_NO_PIC = NO;
				GCC_NO_COMMON_BLOCKS = YES;
				GCC_OPTIMIZATION_LEVEL = 0;
				GCC_PREPROCESSOR_DEFINITIONS = (
					"DEBUG=1",
					"$(inherited)",
				);
				GCC_WARN_64_TO_32_BIT_CONVERSION = YES;
				GCC_WARN_ABOUT_RETURN_TYPE = YES_ERROR;
				GCC_WARN_UNDECLARED_SELECTOR = YES;
				GCC_WARN_UNINITIALIZED_AUTOS = YES_AGGRESSIVE;
				GCC_WARN_UNUSED_FUNCTION = YES;
				GCC_WARN_UNUSED_VARIABLE = YES;
				IPHONEOS_DEPLOYMENT_TARGET = 16.2;
				MTL_ENABLE_DEBUG_INFO = INCLUDE_SOURCE;
				MTL_FAST_MATH = YES;
				ONLY_ACTIVE_ARCH = YES;
				SDKROOT = iphoneos;
				SWIFT_ACTIVE_COMPILATION_CONDITIONS = DEBUG;
				SWIFT_OPTIMIZATION_LEVEL = "-Onone";
			};
			name = Debug;
		};
		C309F87329D7FB06007BAF98 /* Release */ = {
			isa = XCBuildConfiguration;
			buildSettings = {
				ALWAYS_SEARCH_USER_PATHS = NO;
				CLANG_ANALYZER_NONNULL = YES;
				CLANG_ANALYZER_NUMBER_OBJECT_CONVERSION = YES_AGGRESSIVE;
				CLANG_CXX_LANGUAGE_STANDARD = "gnu++20";
				CLANG_ENABLE_MODULES = YES;
				CLANG_ENABLE_OBJC_ARC = YES;
				CLANG_ENABLE_OBJC_WEAK = YES;
				CLANG_WARN_BLOCK_CAPTURE_AUTORELEASING = YES;
				CLANG_WARN_BOOL_CONVERSION = YES;
				CLANG_WARN_COMMA = YES;
				CLANG_WARN_CONSTANT_CONVERSION = YES;
				CLANG_WARN_DEPRECATED_OBJC_IMPLEMENTATIONS = YES;
				CLANG_WARN_DIRECT_OBJC_ISA_USAGE = YES_ERROR;
				CLANG_WARN_DOCUMENTATION_COMMENTS = YES;
				CLANG_WARN_EMPTY_BODY = YES;
				CLANG_WARN_ENUM_CONVERSION = YES;
				CLANG_WARN_INFINITE_RECURSION = YES;
				CLANG_WARN_INT_CONVERSION = YES;
				CLANG_WARN_NON_LITERAL_NULL_CONVERSION = YES;
				CLANG_WARN_OBJC_IMPLICIT_RETAIN_SELF = YES;
				CLANG_WARN_OBJC_LITERAL_CONVERSION = YES;
				CLANG_WARN_OBJC_ROOT_CLASS = YES_ERROR;
				CLANG_WARN_QUOTED_INCLUDE_IN_FRAMEWORK_HEADER = YES;
				CLANG_WARN_RANGE_LOOP_ANALYSIS = YES;
				CLANG_WARN_STRICT_PROTOTYPES = YES;
				CLANG_WARN_SUSPICIOUS_MOVE = YES;
				CLANG_WARN_UNGUARDED_AVAILABILITY = YES_AGGRESSIVE;
				CLANG_WARN_UNREACHABLE_CODE = YES;
				CLANG_WARN__DUPLICATE_METHOD_MATCH = YES;
				COPY_PHASE_STRIP = NO;
				DEBUG_INFORMATION_FORMAT = "dwarf-with-dsym";
				ENABLE_NS_ASSERTIONS = NO;
				ENABLE_STRICT_OBJC_MSGSEND = YES;
				GCC_C_LANGUAGE_STANDARD = gnu11;
				GCC_NO_COMMON_BLOCKS = YES;
				GCC_WARN_64_TO_32_BIT_CONVERSION = YES;
				GCC_WARN_ABOUT_RETURN_TYPE = YES_ERROR;
				GCC_WARN_UNDECLARED_SELECTOR = YES;
				GCC_WARN_UNINITIALIZED_AUTOS = YES_AGGRESSIVE;
				GCC_WARN_UNUSED_FUNCTION = YES;
				GCC_WARN_UNUSED_VARIABLE = YES;
				IPHONEOS_DEPLOYMENT_TARGET = 16.2;
				MTL_ENABLE_DEBUG_INFO = NO;
				MTL_FAST_MATH = YES;
				SDKROOT = iphoneos;
				SWIFT_COMPILATION_MODE = wholemodule;
				SWIFT_OPTIMIZATION_LEVEL = "-O";
				VALIDATE_PRODUCT = YES;
			};
			name = Release;
		};
		C309F87529D7FB06007BAF98 /* Debug */ = {
			isa = XCBuildConfiguration;
			buildSettings = {
				ASSETCATALOG_COMPILER_APPICON_NAME = AppIcon;
				ASSETCATALOG_COMPILER_GLOBAL_ACCENT_COLOR_NAME = AccentColor;
				CODE_SIGN_STYLE = Automatic;
				CURRENT_PROJECT_VERSION = 1;
				DEVELOPMENT_TEAM = Q827V73L8U;
				GENERATE_INFOPLIST_FILE = YES;
				INFOPLIST_FILE = 32nd_SOPT_First_Seminar/Info.plist;
				INFOPLIST_KEY_UIApplicationSupportsIndirectInputEvents = YES;
				INFOPLIST_KEY_UILaunchStoryboardName = LaunchScreen;
				INFOPLIST_KEY_UIMainStoryboardFile = Main;
				INFOPLIST_KEY_UISupportedInterfaceOrientations_iPad = "UIInterfaceOrientationPortrait UIInterfaceOrientationPortraitUpsideDown UIInterfaceOrientationLandscapeLeft UIInterfaceOrientationLandscapeRight";
				INFOPLIST_KEY_UISupportedInterfaceOrientations_iPhone = "UIInterfaceOrientationPortrait UIInterfaceOrientationLandscapeLeft UIInterfaceOrientationLandscapeRight";
				LD_RUNPATH_SEARCH_PATHS = (
					"$(inherited)",
					"@executable_path/Frameworks",
				);
				MARKETING_VERSION = 1.0;
				OTHER_LDFLAGS = "-Xlinker-interposable";
				PRODUCT_BUNDLE_IDENTIFIER = "chaen.-2nd-SOPT-First-Seminar";
				PRODUCT_NAME = "$(TARGET_NAME)";
				SWIFT_EMIT_LOC_STRINGS = YES;
				SWIFT_VERSION = 5.0;
				TARGETED_DEVICE_FAMILY = "1,2";
			};
			name = Debug;
		};
		C309F87629D7FB06007BAF98 /* Release */ = {
			isa = XCBuildConfiguration;
			buildSettings = {
				ASSETCATALOG_COMPILER_APPICON_NAME = AppIcon;
				ASSETCATALOG_COMPILER_GLOBAL_ACCENT_COLOR_NAME = AccentColor;
				CODE_SIGN_STYLE = Automatic;
				CURRENT_PROJECT_VERSION = 1;
				DEVELOPMENT_TEAM = Q827V73L8U;
				GENERATE_INFOPLIST_FILE = YES;
				INFOPLIST_FILE = 32nd_SOPT_First_Seminar/Info.plist;
				INFOPLIST_KEY_UIApplicationSupportsIndirectInputEvents = YES;
				INFOPLIST_KEY_UILaunchStoryboardName = LaunchScreen;
				INFOPLIST_KEY_UIMainStoryboardFile = Main;
				INFOPLIST_KEY_UISupportedInterfaceOrientations_iPad = "UIInterfaceOrientationPortrait UIInterfaceOrientationPortraitUpsideDown UIInterfaceOrientationLandscapeLeft UIInterfaceOrientationLandscapeRight";
				INFOPLIST_KEY_UISupportedInterfaceOrientations_iPhone = "UIInterfaceOrientationPortrait UIInterfaceOrientationLandscapeLeft UIInterfaceOrientationLandscapeRight";
				LD_RUNPATH_SEARCH_PATHS = (
					"$(inherited)",
					"@executable_path/Frameworks",
				);
				MARKETING_VERSION = 1.0;
				OTHER_LDFLAGS = "-Xlinker-interposable";
				PRODUCT_BUNDLE_IDENTIFIER = "chaen.-2nd-SOPT-First-Seminar";
				PRODUCT_NAME = "$(TARGET_NAME)";
				SWIFT_EMIT_LOC_STRINGS = YES;
				SWIFT_VERSION = 5.0;
				TARGETED_DEVICE_FAMILY = "1,2";
			};
			name = Release;
		};
/* End XCBuildConfiguration section */

/* Begin XCConfigurationList section */
		C309F85B29D7FB03007BAF98 /* Build configuration list for PBXProject "32nd_SOPT_Seminar" */ = {
			isa = XCConfigurationList;
			buildConfigurations = (
				C309F87229D7FB06007BAF98 /* Debug */,
				C309F87329D7FB06007BAF98 /* Release */,
			);
			defaultConfigurationIsVisible = 0;
			defaultConfigurationName = Release;
		};
		C309F87429D7FB06007BAF98 /* Build configuration list for PBXNativeTarget "32nd_SOPT_Seminar" */ = {
			isa = XCConfigurationList;
			buildConfigurations = (
				C309F87529D7FB06007BAF98 /* Debug */,
				C309F87629D7FB06007BAF98 /* Release */,
			);
			defaultConfigurationIsVisible = 0;
			defaultConfigurationName = Release;
		};
/* End XCConfigurationList section */

/* Begin XCRemoteSwiftPackageReference section */
		C38E7B4329E07B4700155E6A /* XCRemoteSwiftPackageReference "Inject" */ = {
			isa = XCRemoteSwiftPackageReference;
			repositoryURL = "https://github.com/krzysztofzablocki/Inject.git";
			requirement = {
				kind = upToNextMajorVersion;
				minimumVersion = 1.0.0;
			};
		};
		C38E7B4629E07B6100155E6A /* XCRemoteSwiftPackageReference "SnapKit" */ = {
			isa = XCRemoteSwiftPackageReference;
			repositoryURL = "https://github.com/SnapKit/SnapKit";
			requirement = {
				branch = develop;
				kind = branch;
			};
		};
		C38E7B4929E07B7200155E6A /* XCRemoteSwiftPackageReference "Then" */ = {
			isa = XCRemoteSwiftPackageReference;
			repositoryURL = "https://github.com/devxoul/Then";
			requirement = {
				branch = master;
				kind = branch;
			};
		};
/* End XCRemoteSwiftPackageReference section */

/* Begin XCSwiftPackageProductDependency section */
		C38E7B4429E07B4700155E6A /* Inject */ = {
			isa = XCSwiftPackageProductDependency;
			package = C38E7B4329E07B4700155E6A /* XCRemoteSwiftPackageReference "Inject" */;
			productName = Inject;
		};
		C38E7B4729E07B6100155E6A /* SnapKit */ = {
			isa = XCSwiftPackageProductDependency;
			package = C38E7B4629E07B6100155E6A /* XCRemoteSwiftPackageReference "SnapKit" */;
			productName = SnapKit;
		};
		C38E7B4A29E07B7200155E6A /* Then */ = {
			isa = XCSwiftPackageProductDependency;
			package = C38E7B4929E07B7200155E6A /* XCRemoteSwiftPackageReference "Then" */;
			productName = Then;
		};
/* End XCSwiftPackageProductDependency section */
	};
	rootObject = C309F85829D7FB03007BAF98 /* Project object */;
}
